<?xml version="1.0" encoding="utf-8"?>
<Project ToolsVersion="4.0" xmlns="http://schemas.microsoft.com/developer/msbuild/2003">
  <ItemGroup>
    <Filter Include="00.WinApp">
      <UniqueIdentifier>{f2e73cbe-fbc0-40b5-87a2-fdd5daad6205}</UniqueIdentifier>
    </Filter>
    <Filter Include="01.Document">
      <UniqueIdentifier>{fc8b3d80-4455-47d2-b3c8-288d27efd3ed}</UniqueIdentifier>
    </Filter>
    <Filter Include="02.MainFrame">
      <UniqueIdentifier>{01853f37-b575-4625-bf9a-a1c96db4df67}</UniqueIdentifier>
    </Filter>
    <Filter Include="03.View">
      <UniqueIdentifier>{0c6c39cb-3615-4d9c-990f-c43b4e795ec6}</UniqueIdentifier>
    </Filter>
    <Filter Include="99.Default">
      <UniqueIdentifier>{6fc9e714-c1d5-45cf-93a7-7b628e9b1ffa}</UniqueIdentifier>
    </Filter>
    <Filter Include="98.Managers">
      <UniqueIdentifier>{a22a36fb-3d96-4418-9e3d-a46700eea8d1}</UniqueIdentifier>
    </Filter>
    <Filter Include="04.Dialog">
      <UniqueIdentifier>{f4d5251d-cbd9-466c-9200-1a366786ddf4}</UniqueIdentifier>
    </Filter>
    <Filter Include="98.Managers\00.DeviceMgr">
      <UniqueIdentifier>{f66967c4-c374-4e3e-84d6-30a5a5cff4e6}</UniqueIdentifier>
    </Filter>
    <Filter Include="98.Managers\01.TextureMgr">
      <UniqueIdentifier>{16fac5f2-13db-47f0-8e24-1c5e41463251}</UniqueIdentifier>
    </Filter>
    <Filter Include="98.Managers\01.TextureMgr\00.Texture">
      <UniqueIdentifier>{7b358e73-a50f-4309-be43-c213223df674}</UniqueIdentifier>
    </Filter>
    <Filter Include="98.Managers\01.TextureMgr\00.Texture\01.Multi">
      <UniqueIdentifier>{93bf1aac-e989-4204-b558-248bf6a7346c}</UniqueIdentifier>
    </Filter>
    <Filter Include="98.Managers\01.TextureMgr\00.Texture\00.Single">
      <UniqueIdentifier>{c7f197e8-ff54-46ce-b44f-a320fe213444}</UniqueIdentifier>
    </Filter>
    <Filter Include="03.View\00.FormView">
      <UniqueIdentifier>{4a6da846-55bc-4f90-9d8e-3597ceb339bf}</UniqueIdentifier>
    </Filter>
    <Filter Include="03.View\01.MiniView">
      <UniqueIdentifier>{5b549f37-b5ce-4af7-a1fb-256ae5e63d61}</UniqueIdentifier>
    </Filter>
    <Filter Include="04.Dialog\00.UnitTool">
      <UniqueIdentifier>{c7e2f2d3-8ad3-4cf8-bfb8-e97f1346ed32}</UniqueIdentifier>
    </Filter>
    <Filter Include="04.Dialog\01.MapTool">
      <UniqueIdentifier>{3f84c26c-fb8e-4dc8-bbf2-1fca3485f20c}</UniqueIdentifier>
    </Filter>
    <Filter Include="98.Managers\02.DirectoryMgr">
      <UniqueIdentifier>{e83b8055-bf99-42d8-8806-d42797851e9b}</UniqueIdentifier>
    </Filter>
    <Filter Include="04.Dialog\02.PathTool">
      <UniqueIdentifier>{3b5b2d2e-ea58-4220-9913-1ee74867b5f9}</UniqueIdentifier>
    </Filter>
    <Filter Include="06.GameObject">
      <UniqueIdentifier>{765f5e53-1fa6-46d7-a7ce-4aa29b7fb618}</UniqueIdentifier>
    </Filter>
    <Filter Include="06.GameObject\00.Terrain">
      <UniqueIdentifier>{d62dea26-6254-4037-a899-b243cd123e44}</UniqueIdentifier>
    </Filter>
    <Filter Include="05.PropertySheet">
      <UniqueIdentifier>{a12c5887-30c4-4be8-9007-f34671e9160d}</UniqueIdentifier>
    </Filter>
    <Filter Include="05.PropertySheet\00.Page1">
      <UniqueIdentifier>{da1c8628-d6a6-4610-93ad-bfd3a634fe59}</UniqueIdentifier>
    </Filter>
    <Filter Include="05.PropertySheet\01.Page2">
      <UniqueIdentifier>{8f9a519d-6768-44fa-8cfb-1f09f51efa26}</UniqueIdentifier>
    </Filter>
  </ItemGroup>
  <ItemGroup>
    <ClInclude Include="Tool.h">
      <Filter>00.WinApp</Filter>
    </ClInclude>
    <ClInclude Include="ToolDoc.h">
      <Filter>01.Document</Filter>
    </ClInclude>
    <ClInclude Include="MainFrm.h">
      <Filter>02.MainFrame</Filter>
    </ClInclude>
    <ClInclude Include="ToolView.h">
      <Filter>03.View</Filter>
    </ClInclude>
    <ClInclude Include="stdafx.h">
      <Filter>99.Default</Filter>
    </ClInclude>
    <ClInclude Include="Resource.h">
      <Filter>99.Default</Filter>
    </ClInclude>
    <ClInclude Include="targetver.h">
      <Filter>99.Default</Filter>
    </ClInclude>
    <ClInclude Include="Terrain.h">
      <Filter>06.GameObject\00.Terrain</Filter>
    </ClInclude>
    <ClInclude Include="DeviceMgr.h">
      <Filter>98.Managers\00.DeviceMgr</Filter>
    </ClInclude>
    <ClInclude Include="TextureMgr.h">
      <Filter>98.Managers\01.TextureMgr</Filter>
    </ClInclude>
    <ClInclude Include="Texture.h">
      <Filter>98.Managers\01.TextureMgr\00.Texture</Filter>
    </ClInclude>
    <ClInclude Include="SingleTexture.h">
      <Filter>98.Managers\01.TextureMgr\00.Texture\00.Single</Filter>
    </ClInclude>
    <ClInclude Include="MultiTexture.h">
      <Filter>98.Managers\01.TextureMgr\00.Texture\01.Multi</Filter>
    </ClInclude>
    <ClInclude Include="MyForm.h">
      <Filter>03.View\00.FormView</Filter>
    </ClInclude>
    <ClInclude Include="MiniView.h">
      <Filter>03.View\01.MiniView</Filter>
    </ClInclude>
    <ClInclude Include="UnitTool.h">
      <Filter>04.Dialog\00.UnitTool</Filter>
    </ClInclude>
    <ClInclude Include="MapTool.h">
      <Filter>04.Dialog\01.MapTool</Filter>
    </ClInclude>
    <ClInclude Include="DirectoryMgr.h">
      <Filter>98.Managers\02.DirectoryMgr</Filter>
    </ClInclude>
    <ClInclude Include="PathTool.h">
      <Filter>04.Dialog\02.PathTool</Filter>
    </ClInclude>
    <ClInclude Include="MySheet.h">
      <Filter>05.PropertySheet</Filter>
    </ClInclude>
    <ClInclude Include="MyPage1.h">
      <Filter>05.PropertySheet\00.Page1</Filter>
    </ClInclude>
    <ClInclude Include="MyPage2.h">
      <Filter>05.PropertySheet\01.Page2</Filter>
    </ClInclude>
  </ItemGroup>
  <ItemGroup>
    <ClCompile Include="Tool.cpp">
      <Filter>00.WinApp</Filter>
    </ClCompile>
    <ClCompile Include="ToolDoc.cpp">
      <Filter>01.Document</Filter>
    </ClCompile>
    <ClCompile Include="MainFrm.cpp">
      <Filter>02.MainFrame</Filter>
    </ClCompile>
    <ClCompile Include="ToolView.cpp">
      <Filter>03.View</Filter>
    </ClCompile>
    <ClCompile Include="stdafx.cpp">
      <Filter>99.Default</Filter>
    </ClCompile>
    <ClCompile Include="Terrain.cpp">
      <Filter>06.GameObject\00.Terrain</Filter>
    </ClCompile>
    <ClCompile Include="DeviceMgr.cpp">
      <Filter>98.Managers\00.DeviceMgr</Filter>
    </ClCompile>
    <ClCompile Include="TextureMgr.cpp">
      <Filter>98.Managers\01.TextureMgr</Filter>
    </ClCompile>
    <ClCompile Include="Texture.cpp">
      <Filter>98.Managers\01.TextureMgr\00.Texture</Filter>
    </ClCompile>
    <ClCompile Include="SingleTexture.cpp">
      <Filter>98.Managers\01.TextureMgr\00.Texture\00.Single</Filter>
    </ClCompile>
    <ClCompile Include="MultiTexture.cpp">
      <Filter>98.Managers\01.TextureMgr\00.Texture\01.Multi</Filter>
    </ClCompile>
    <ClCompile Include="MyForm.cpp">
      <Filter>03.View\00.FormView</Filter>
    </ClCompile>
    <ClCompile Include="MiniView.cpp">
      <Filter>03.View\01.MiniView</Filter>
    </ClCompile>
    <ClCompile Include="UnitTool.cpp">
      <Filter>04.Dialog\00.UnitTool</Filter>
    </ClCompile>
    <ClCompile Include="MapTool.cpp">
      <Filter>04.Dialog\01.MapTool</Filter>
    </ClCompile>
    <ClCompile Include="DirectoryMgr.cpp">
      <Filter>98.Managers\02.DirectoryMgr</Filter>
    </ClCompile>
    <ClCompile Include="PathTool.cpp">
      <Filter>04.Dialog\02.PathTool</Filter>
    </ClCompile>
    <ClCompile Include="MySheet.cpp">
      <Filter>05.PropertySheet</Filter>
    </ClCompile>
    <ClCompile Include="MyPage1.cpp">
      <Filter>05.PropertySheet\00.Page1</Filter>
    </ClCompile>
    <ClCompile Include="MyPage2.cpp">
      <Filter>05.PropertySheet\01.Page2</Filter>
    </ClCompile>
  </ItemGroup>
  <ItemGroup>
    <Image Include="res\Tool.ico">
      <Filter>99.Default</Filter>
    </Image>
    <Image Include="res\Toolbar.bmp">
      <Filter>99.Default</Filter>
    </Image>
    <Image Include="res\ToolDoc.ico">
      <Filter>99.Default</Filter>
    </Image>
  </ItemGroup>
  <ItemGroup>
    <ResourceCompile Include="Tool.rc">
      <Filter>99.Default</Filter>
    </ResourceCompile>
  </ItemGroup>
  <ItemGroup>
    <None Include="res\Tool.rc2">
      <Filter>99.Default</Filter>
    </None>
  </ItemGroup>
</Project>